
Microsoft Visual Studio Solution File, Format Version 12.00
# Visual Studio Version 17
VisualStudioVersion = 17.7.34202.233
MinimumVisualStudioVersion = 10.0.40219.1
Project("{8BC9CEB8-8B4A-11D0-8D11-00A0C91BC942}") = "lab18_kapitanov_var10", "lab18_kapitanov_var10\lab18_kapitanov_var10.vcxproj", "{48E7061C-4832-47BC-9AE6-0984EA9C4E74}"
EndProject
Global
	GlobalSection(SolutionConfigurationPlatforms) = preSolution
		Debug|x64 = Debug|x64
		Debug|x86 = Debug|x86
		Release|x64 = Release|x64
		Release|x86 = Release|x86
	EndGlobalSection
	GlobalSection(ProjectConfigurationPlatforms) = postSolution
		{48E7061C-4832-47BC-9AE6-0984EA9C4E74}.Debug|x64.ActiveCfg = Debug|x64
		{48E7061C-4832-47BC-9AE6-0984EA9C4E74}.Debug|x64.Build.0 = Debug|x64
		{48E7061C-4832-47BC-9AE6-0984EA9C4E74}.Debug|x86.ActiveCfg = Debug|Win32
		{48E7061C-4832-47BC-9AE6-0984EA9C4E74}.Debug|x86.Build.0 = Debug|Win32
		{48E7061C-4832-47BC-9AE6-0984EA9C4E74}.Release|x64.ActiveCfg = Release|x64
		{48E7061C-4832-47BC-9AE6-0984EA9C4E74}.Release|x64.Build.0 = Release|x64
		{48E7061C-4832-47BC-9AE6-0984EA9C4E74}.Release|x86.ActiveCfg = Release|Win32
		{48E7061C-4832-47BC-9AE6-0984EA9C4E74}.Release|x86.Build.0 = Release|Win32
	EndGlobalSection
	GlobalSection(SolutionProperties) = preSolution
		HideSolutionNode = FALSE
	EndGlobalSection
	GlobalSection(ExtensibilityGlobals) = postSolution
		SolutionGuid = {4C4FA800-95E4-4256-B67A-53105D4A822A}
	EndGlobalSection
EndGlobal
